
Microsoft Visual Studio Solution File, Format Version 12.00
# Visual Studio Version 17
VisualStudioVersion = 17.8.34511.84
MinimumVisualStudioVersion = 10.0.40219.1
Project("{FAE04EC0-301F-11D3-BF4B-00C04F79EFBC}") = "RpcService", "RpcService\RpcService.csproj", "{914280E2-7DC9-47BC-9DA0-636B9D730F05}"
EndProject
Global
	GlobalSection(SolutionConfigurationPlatforms) = preSolution
		Debug|Any CPU = Debug|Any CPU
		Release|Any CPU = Release|Any CPU
	EndGlobalSection
	GlobalSection(ProjectConfigurationPlatforms) = postSolution
		{914280E2-7DC9-47BC-9DA0-636B9D730F05}.Debug|Any CPU.ActiveCfg = Debug|Any CPU
		{914280E2-7DC9-47BC-9DA0-636B9D730F05}.Debug|Any CPU.Build.0 = Debug|Any CPU
		{914280E2-7DC9-47BC-9DA0-636B9D730F05}.Release|Any CPU.ActiveCfg = Release|Any CPU
		{914280E2-7DC9-47BC-9DA0-636B9D730F05}.Release|Any CPU.Build.0 = Release|Any CPU
	EndGlobalSection
	GlobalSection(SolutionProperties) = preSolution
		HideSolutionNode = FALSE
	EndGlobalSection
	GlobalSection(ExtensibilityGlobals) = postSolution
		SolutionGuid = {0ED9B809-30F9-4320-B4AE-114273F46E2C}
	EndGlobalSection
EndGlobal
